
Microsoft Visual Studio Solution File, Format Version 12.00
# Visual Studio Version 17
VisualStudioVersion = 17.4.33213.308
MinimumVisualStudioVersion = 10.0.40219.1
Project("{FAE04EC0-301F-11D3-BF4B-00C04F79EFBC}") = "Application Reservation", "Application Reservation.csproj", "{A618C124-6B10-4E9F-8001-6B4E8EB004E9}"
EndProject
Global
	GlobalSection(SolutionConfigurationPlatforms) = preSolution
		Debug|Any CPU = Debug|Any CPU
		Release|Any CPU = Release|Any CPU
	EndGlobalSection
	GlobalSection(ProjectConfigurationPlatforms) = postSolution
		{A618C124-6B10-4E9F-8001-6B4E8EB004E9}.Debug|Any CPU.ActiveCfg = Debug|Any CPU
		{A618C124-6B10-4E9F-8001-6B4E8EB004E9}.Debug|Any CPU.Build.0 = Debug|Any CPU
		{A618C124-6B10-4E9F-8001-6B4E8EB004E9}.Release|Any CPU.ActiveCfg = Release|Any CPU
		{A618C124-6B10-4E9F-8001-6B4E8EB004E9}.Release|Any CPU.Build.0 = Release|Any CPU
	EndGlobalSection
	GlobalSection(SolutionProperties) = preSolution
		HideSolutionNode = FALSE
	EndGlobalSection
	GlobalSection(ExtensibilityGlobals) = postSolution
		SolutionGuid = {09EEC3AC-FE19-4481-BF66-F8A342BAF53F}
	EndGlobalSection
EndGlobal
